
Microsoft Visual Studio Solution File, Format Version 12.00
# Visual Studio Version 16
VisualStudioVersion = 16.0.31729.503
MinimumVisualStudioVersion = 10.0.40219.1
Project("{8BC9CEB8-8B4A-11D0-8D11-00A0C91BC942}") = "D1", "D1\D1.vcxproj", "{B5DF9096-5058-4ADF-A1CD-3368D639D65E}"
EndProject
Project("{8BC9CEB8-8B4A-11D0-8D11-00A0C91BC942}") = "练习：职工管理系统", "练习：职工管理系统\练习：职工管理系统.vcxproj", "{D0A74DB0-BF8A-409C-9C4B-FEC0F0AD981B}"
EndProject
Project("{8BC9CEB8-8B4A-11D0-8D11-00A0C91BC942}") = "演讲比赛管理系统", "演讲比赛管理系统\演讲比赛管理系统.vcxproj", "{35412BD5-2034-4D36-919B-53C4A1D00AED}"
EndProject
Global
	GlobalSection(SolutionConfigurationPlatforms) = preSolution
		Debug|x64 = Debug|x64
		Debug|x86 = Debug|x86
		Release|x64 = Release|x64
		Release|x86 = Release|x86
	EndGlobalSection
	GlobalSection(ProjectConfigurationPlatforms) = postSolution
		{B5DF9096-5058-4ADF-A1CD-3368D639D65E}.Debug|x64.ActiveCfg = Debug|x64
		{B5DF9096-5058-4ADF-A1CD-3368D639D65E}.Debug|x64.Build.0 = Debug|x64
		{B5DF9096-5058-4ADF-A1CD-3368D639D65E}.Debug|x86.ActiveCfg = Debug|Win32
		{B5DF9096-5058-4ADF-A1CD-3368D639D65E}.Debug|x86.Build.0 = Debug|Win32
		{B5DF9096-5058-4ADF-A1CD-3368D639D65E}.Release|x64.ActiveCfg = Release|x64
		{B5DF9096-5058-4ADF-A1CD-3368D639D65E}.Release|x64.Build.0 = Release|x64
		{B5DF9096-5058-4ADF-A1CD-3368D639D65E}.Release|x86.ActiveCfg = Release|Win32
		{B5DF9096-5058-4ADF-A1CD-3368D639D65E}.Release|x86.Build.0 = Release|Win32
		{D0A74DB0-BF8A-409C-9C4B-FEC0F0AD981B}.Debug|x64.ActiveCfg = Debug|x64
		{D0A74DB0-BF8A-409C-9C4B-FEC0F0AD981B}.Debug|x64.Build.0 = Debug|x64
		{D0A74DB0-BF8A-409C-9C4B-FEC0F0AD981B}.Debug|x86.ActiveCfg = Debug|Win32
		{D0A74DB0-BF8A-409C-9C4B-FEC0F0AD981B}.Debug|x86.Build.0 = Debug|Win32
		{D0A74DB0-BF8A-409C-9C4B-FEC0F0AD981B}.Release|x64.ActiveCfg = Release|x64
		{D0A74DB0-BF8A-409C-9C4B-FEC0F0AD981B}.Release|x64.Build.0 = Release|x64
		{D0A74DB0-BF8A-409C-9C4B-FEC0F0AD981B}.Release|x86.ActiveCfg = Release|Win32
		{D0A74DB0-BF8A-409C-9C4B-FEC0F0AD981B}.Release|x86.Build.0 = Release|Win32
		{35412BD5-2034-4D36-919B-53C4A1D00AED}.Debug|x64.ActiveCfg = Debug|x64
		{35412BD5-2034-4D36-919B-53C4A1D00AED}.Debug|x64.Build.0 = Debug|x64
		{35412BD5-2034-4D36-919B-53C4A1D00AED}.Debug|x86.ActiveCfg = Debug|Win32
		{35412BD5-2034-4D36-919B-53C4A1D00AED}.Debug|x86.Build.0 = Debug|Win32
		{35412BD5-2034-4D36-919B-53C4A1D00AED}.Release|x64.ActiveCfg = Release|x64
		{35412BD5-2034-4D36-919B-53C4A1D00AED}.Release|x64.Build.0 = Release|x64
		{35412BD5-2034-4D36-919B-53C4A1D00AED}.Release|x86.ActiveCfg = Release|Win32
		{35412BD5-2034-4D36-919B-53C4A1D00AED}.Release|x86.Build.0 = Release|Win32
	EndGlobalSection
	GlobalSection(SolutionProperties) = preSolution
		HideSolutionNode = FALSE
	EndGlobalSection
	GlobalSection(ExtensibilityGlobals) = postSolution
		SolutionGuid = {B6100D91-0C35-49F9-82E7-0C43011E7B12}
	EndGlobalSection
EndGlobal
