
Microsoft Visual Studio Solution File, Format Version 12.00
# Visual Studio Version 16
VisualStudioVersion = 16.0.31729.503
MinimumVisualStudioVersion = 10.0.40219.1
Project("{8BC9CEB8-8B4A-11D0-8D11-00A0C91BC942}") = "黑马课程内容", "D1\D1.vcxproj", "{B5DF9096-5058-4ADF-A1CD-3368D639D65E}"
EndProject
Project("{8BC9CEB8-8B4A-11D0-8D11-00A0C91BC942}") = "练习：职工管理系统", "练习：职工管理系统\练习：职工管理系统.vcxproj", "{D0A74DB0-BF8A-409C-9C4B-FEC0F0AD981B}"
EndProject
Project("{8BC9CEB8-8B4A-11D0-8D11-00A0C91BC942}") = "演讲比赛管理系统", "演讲比赛管理系统\演讲比赛管理系统.vcxproj", "{35412BD5-2034-4D36-919B-53C4A1D00AED}"
EndProject
Project("{8BC9CEB8-8B4A-11D0-8D11-00A0C91BC942}") = "练习 机房预约系统", "练习 机房预约系统\练习 机房预约系统.vcxproj", "{C22F611F-995F-4E08-880F-A5AE592EF449}"
EndProject
Project("{8BC9CEB8-8B4A-11D0-8D11-00A0C91BC942}") = "C++ primer", "C++ primer\C++ primer.vcxproj", "{DC6604EE-38FA-4899-B919-2B9B637BCC78}"
EndProject
Project("{8BC9CEB8-8B4A-11D0-8D11-00A0C91BC942}") = "STL", "STL\STL.vcxproj", "{9E88A1D4-94BB-4472-9339-00385349E15D}"
EndProject
Project("{8BC9CEB8-8B4A-11D0-8D11-00A0C91BC942}") = "Effective C++", "Effective C++\Effective C++.vcxproj", "{A4196486-D02B-4D94-98B2-31726B5122C1}"
EndProject
Global
	GlobalSection(SolutionConfigurationPlatforms) = preSolution
		Debug|x64 = Debug|x64
		Debug|x86 = Debug|x86
		Release|x64 = Release|x64
		Release|x86 = Release|x86
	EndGlobalSection
	GlobalSection(ProjectConfigurationPlatforms) = postSolution
		{B5DF9096-5058-4ADF-A1CD-3368D639D65E}.Debug|x64.ActiveCfg = Debug|x64
		{B5DF9096-5058-4ADF-A1CD-3368D639D65E}.Debug|x64.Build.0 = Debug|x64
		{B5DF9096-5058-4ADF-A1CD-3368D639D65E}.Debug|x86.ActiveCfg = Debug|Win32
		{B5DF9096-5058-4ADF-A1CD-3368D639D65E}.Debug|x86.Build.0 = Debug|Win32
		{B5DF9096-5058-4ADF-A1CD-3368D639D65E}.Release|x64.ActiveCfg = Release|x64
		{B5DF9096-5058-4ADF-A1CD-3368D639D65E}.Release|x64.Build.0 = Release|x64
		{B5DF9096-5058-4ADF-A1CD-3368D639D65E}.Release|x86.ActiveCfg = Release|Win32
		{B5DF9096-5058-4ADF-A1CD-3368D639D65E}.Release|x86.Build.0 = Release|Win32
		{D0A74DB0-BF8A-409C-9C4B-FEC0F0AD981B}.Debug|x64.ActiveCfg = Debug|x64
		{D0A74DB0-BF8A-409C-9C4B-FEC0F0AD981B}.Debug|x64.Build.0 = Debug|x64
		{D0A74DB0-BF8A-409C-9C4B-FEC0F0AD981B}.Debug|x86.ActiveCfg = Debug|Win32
		{D0A74DB0-BF8A-409C-9C4B-FEC0F0AD981B}.Debug|x86.Build.0 = Debug|Win32
		{D0A74DB0-BF8A-409C-9C4B-FEC0F0AD981B}.Release|x64.ActiveCfg = Release|x64
		{D0A74DB0-BF8A-409C-9C4B-FEC0F0AD981B}.Release|x64.Build.0 = Release|x64
		{D0A74DB0-BF8A-409C-9C4B-FEC0F0AD981B}.Release|x86.ActiveCfg = Release|Win32
		{D0A74DB0-BF8A-409C-9C4B-FEC0F0AD981B}.Release|x86.Build.0 = Release|Win32
		{35412BD5-2034-4D36-919B-53C4A1D00AED}.Debug|x64.ActiveCfg = Debug|x64
		{35412BD5-2034-4D36-919B-53C4A1D00AED}.Debug|x64.Build.0 = Debug|x64
		{35412BD5-2034-4D36-919B-53C4A1D00AED}.Debug|x86.ActiveCfg = Debug|Win32
		{35412BD5-2034-4D36-919B-53C4A1D00AED}.Debug|x86.Build.0 = Debug|Win32
		{35412BD5-2034-4D36-919B-53C4A1D00AED}.Release|x64.ActiveCfg = Release|x64
		{35412BD5-2034-4D36-919B-53C4A1D00AED}.Release|x64.Build.0 = Release|x64
		{35412BD5-2034-4D36-919B-53C4A1D00AED}.Release|x86.ActiveCfg = Release|Win32
		{35412BD5-2034-4D36-919B-53C4A1D00AED}.Release|x86.Build.0 = Release|Win32
		{C22F611F-995F-4E08-880F-A5AE592EF449}.Debug|x64.ActiveCfg = Debug|x64
		{C22F611F-995F-4E08-880F-A5AE592EF449}.Debug|x64.Build.0 = Debug|x64
		{C22F611F-995F-4E08-880F-A5AE592EF449}.Debug|x86.ActiveCfg = Debug|Win32
		{C22F611F-995F-4E08-880F-A5AE592EF449}.Debug|x86.Build.0 = Debug|Win32
		{C22F611F-995F-4E08-880F-A5AE592EF449}.Release|x64.ActiveCfg = Release|x64
		{C22F611F-995F-4E08-880F-A5AE592EF449}.Release|x64.Build.0 = Release|x64
		{C22F611F-995F-4E08-880F-A5AE592EF449}.Release|x86.ActiveCfg = Release|Win32
		{C22F611F-995F-4E08-880F-A5AE592EF449}.Release|x86.Build.0 = Release|Win32
		{DC6604EE-38FA-4899-B919-2B9B637BCC78}.Debug|x64.ActiveCfg = Debug|x64
		{DC6604EE-38FA-4899-B919-2B9B637BCC78}.Debug|x64.Build.0 = Debug|x64
		{DC6604EE-38FA-4899-B919-2B9B637BCC78}.Debug|x86.ActiveCfg = Debug|Win32
		{DC6604EE-38FA-4899-B919-2B9B637BCC78}.Debug|x86.Build.0 = Debug|Win32
		{DC6604EE-38FA-4899-B919-2B9B637BCC78}.Release|x64.ActiveCfg = Release|x64
		{DC6604EE-38FA-4899-B919-2B9B637BCC78}.Release|x64.Build.0 = Release|x64
		{DC6604EE-38FA-4899-B919-2B9B637BCC78}.Release|x86.ActiveCfg = Release|Win32
		{DC6604EE-38FA-4899-B919-2B9B637BCC78}.Release|x86.Build.0 = Release|Win32
		{9E88A1D4-94BB-4472-9339-00385349E15D}.Debug|x64.ActiveCfg = Debug|x64
		{9E88A1D4-94BB-4472-9339-00385349E15D}.Debug|x64.Build.0 = Debug|x64
		{9E88A1D4-94BB-4472-9339-00385349E15D}.Debug|x86.ActiveCfg = Debug|Win32
		{9E88A1D4-94BB-4472-9339-00385349E15D}.Debug|x86.Build.0 = Debug|Win32
		{9E88A1D4-94BB-4472-9339-00385349E15D}.Release|x64.ActiveCfg = Release|x64
		{9E88A1D4-94BB-4472-9339-00385349E15D}.Release|x64.Build.0 = Release|x64
		{9E88A1D4-94BB-4472-9339-00385349E15D}.Release|x86.ActiveCfg = Release|Win32
		{9E88A1D4-94BB-4472-9339-00385349E15D}.Release|x86.Build.0 = Release|Win32
		{A4196486-D02B-4D94-98B2-31726B5122C1}.Debug|x64.ActiveCfg = Debug|x64
		{A4196486-D02B-4D94-98B2-31726B5122C1}.Debug|x64.Build.0 = Debug|x64
		{A4196486-D02B-4D94-98B2-31726B5122C1}.Debug|x86.ActiveCfg = Debug|Win32
		{A4196486-D02B-4D94-98B2-31726B5122C1}.Debug|x86.Build.0 = Debug|Win32
		{A4196486-D02B-4D94-98B2-31726B5122C1}.Release|x64.ActiveCfg = Release|x64
		{A4196486-D02B-4D94-98B2-31726B5122C1}.Release|x64.Build.0 = Release|x64
		{A4196486-D02B-4D94-98B2-31726B5122C1}.Release|x86.ActiveCfg = Release|Win32
		{A4196486-D02B-4D94-98B2-31726B5122C1}.Release|x86.Build.0 = Release|Win32
	EndGlobalSection
	GlobalSection(SolutionProperties) = preSolution
		HideSolutionNode = FALSE
	EndGlobalSection
	GlobalSection(ExtensibilityGlobals) = postSolution
		SolutionGuid = {B6100D91-0C35-49F9-82E7-0C43011E7B12}
	EndGlobalSection
EndGlobal
