<?xml version="1.0" encoding="utf-8"?>
<Project ToolsVersion="4.0" xmlns="http://schemas.microsoft.com/developer/msbuild/2003">
  <ItemGroup>
    <Filter Include="Source Files">
      <UniqueIdentifier>{4FC737F1-C7A5-4376-A066-2A32D752A2FF}</UniqueIdentifier>
      <Extensions>cpp;c;cc;cxx;c++;cppm;ixx;def;odl;idl;hpj;bat;asm;asmx</Extensions>
    </Filter>
    <Filter Include="Header Files">
      <UniqueIdentifier>{93995380-89BD-4b04-88EB-625FBE52EBFB}</UniqueIdentifier>
      <Extensions>h;hh;hpp;hxx;h++;hm;inl;inc;ipp;xsd</Extensions>
    </Filter>
    <Filter Include="Resource Files">
      <UniqueIdentifier>{67DA6AB6-F800-4c08-8B7A-83BB121AAD01}</UniqueIdentifier>
      <Extensions>rc;ico;cur;bmp;dlg;rc2;rct;bin;rgs;gif;jpg;jpeg;jpe;resx;tiff;tif;png;wav;mfcribbon-ms</Extensions>
    </Filter>
  </ItemGroup>
  <ItemGroup>
    <ClCompile Include="01 数据类型.cpp">
      <Filter>Source Files</Filter>
    </ClCompile>
    <ClCompile Include="02 运算符.cpp">
      <Filter>Source Files</Filter>
    </ClCompile>
    <ClCompile Include="04 循环.cpp">
      <Filter>Source Files</Filter>
    </ClCompile>
    <ClCompile Include="05 goto.cpp">
      <Filter>Source Files</Filter>
    </ClCompile>
    <ClCompile Include="06 数组.cpp">
      <Filter>Source Files</Filter>
    </ClCompile>
    <ClCompile Include="07 函数值传递.cpp">
      <Filter>Source Files</Filter>
    </ClCompile>
    <ClCompile Include="08 函数声明和定义.cpp">
      <Filter>Source Files</Filter>
    </ClCompile>
    <ClCompile Include="swap.cpp">
      <Filter>Source Files</Filter>
    </ClCompile>
    <ClCompile Include="09 指针.cpp">
      <Filter>Source Files</Filter>
    </ClCompile>
    <ClCompile Include="10 结构体.cpp">
      <Filter>Source Files</Filter>
    </ClCompile>
    <ClCompile Include="11 内存分区模型.cpp">
      <Filter>Source Files</Filter>
    </ClCompile>
    <ClCompile Include="12 引用.cpp">
      <Filter>Source Files</Filter>
    </ClCompile>
    <ClCompile Include="13 函数默认参数和占位参数.cpp">
      <Filter>Source Files</Filter>
    </ClCompile>
    <ClCompile Include="14 函数重载.cpp">
      <Filter>Source Files</Filter>
    </ClCompile>
    <ClCompile Include="15 封装.cpp">
      <Filter>Source Files</Filter>
    </ClCompile>
    <ClCompile Include="16 构造函数和析构函数.cpp">
      <Filter>Source Files</Filter>
    </ClCompile>
    <ClCompile Include="point.cpp">
      <Filter>Source Files</Filter>
    </ClCompile>
    <ClCompile Include="circle.cpp">
      <Filter>Source Files</Filter>
    </ClCompile>
    <ClCompile Include="17 浅拷贝和深拷贝.cpp">
      <Filter>Source Files</Filter>
    </ClCompile>
    <ClCompile Include="18 静态成员.cpp">
      <Filter>Source Files</Filter>
    </ClCompile>
    <ClCompile Include="19 对象模型和this指针.cpp">
      <Filter>Source Files</Filter>
    </ClCompile>
    <ClCompile Include="20 常函数和常对象.cpp">
      <Filter>Source Files</Filter>
    </ClCompile>
    <ClCompile Include="21 友元.cpp">
      <Filter>Source Files</Filter>
    </ClCompile>
    <ClCompile Include="22 运算符重载.cpp">
      <Filter>Source Files</Filter>
    </ClCompile>
    <ClCompile Include="23 赋值、关系、函数运算符重载.cpp">
      <Filter>Source Files</Filter>
    </ClCompile>
    <ClCompile Include="24 继承.cpp">
      <Filter>Source Files</Filter>
    </ClCompile>
    <ClCompile Include="25 多继承.cpp">
      <Filter>Source Files</Filter>
    </ClCompile>
    <ClCompile Include="26 多态.cpp">
      <Filter>Source Files</Filter>
    </ClCompile>
    <ClCompile Include="27 纯虚函数和虚析构.cpp">
      <Filter>Source Files</Filter>
    </ClCompile>
    <ClCompile Include="28 文件操作.cpp">
      <Filter>Source Files</Filter>
    </ClCompile>
    <ClCompile Include="29 函数模板.cpp">
      <Filter>Source Files</Filter>
    </ClCompile>
    <ClCompile Include="30 类模板.cpp">
      <Filter>Source Files</Filter>
    </ClCompile>
    <ClCompile Include="31 类模板2.cpp">
      <Filter>Source Files</Filter>
    </ClCompile>
    <ClCompile Include="Person.cpp">
      <Filter>Source Files</Filter>
    </ClCompile>
    <ClCompile Include="32 STL之vector.cpp">
      <Filter>Source Files</Filter>
    </ClCompile>
    <ClCompile Include="33 string.cpp">
      <Filter>Source Files</Filter>
    </ClCompile>
    <ClCompile Include="34 vector更多.cpp">
      <Filter>Source Files</Filter>
    </ClCompile>
    <ClCompile Include="35 deque.cpp">
      <Filter>Source Files</Filter>
    </ClCompile>
    <ClCompile Include="36 stack和queue.cpp">
      <Filter>Source Files</Filter>
    </ClCompile>
    <ClCompile Include="37 链表list.cpp">
      <Filter>Source Files</Filter>
    </ClCompile>
    <ClCompile Include="38 set.cpp">
      <Filter>Source Files</Filter>
    </ClCompile>
    <ClCompile Include="39 map.cpp">
      <Filter>Source Files</Filter>
    </ClCompile>
    <ClCompile Include="40 函数对象.cpp">
      <Filter>Source Files</Filter>
    </ClCompile>
    <ClCompile Include="41.cpp">
      <Filter>Source Files</Filter>
    </ClCompile>
  </ItemGroup>
  <ItemGroup>
    <ClInclude Include="swap.h">
      <Filter>Header Files</Filter>
    </ClInclude>
    <ClInclude Include="point.h">
      <Filter>Header Files</Filter>
    </ClInclude>
    <ClInclude Include="Circle.h">
      <Filter>Source Files</Filter>
    </ClInclude>
    <ClInclude Include="Person.hpp">
      <Filter>Header Files</Filter>
    </ClInclude>
    <ClInclude Include="MyArray.hpp">
      <Filter>Header Files</Filter>
    </ClInclude>
  </ItemGroup>
</Project>